
Microsoft Visual Studio Solution File, Format Version 12.00
# Visual Studio Version 17
VisualStudioVersion = 17.12.35527.113 d17.12
MinimumVisualStudioVersion = 10.0.40219.1
Project("{FAE04EC0-301F-11D3-BF4B-00C04F79EFBC}") = "xadrez_console", "xadrez_console\xadrez_console.csproj", "{D91F16B1-C1CF-4C0A-B69B-8935B3C66616}"
EndProject
Global
	GlobalSection(SolutionConfigurationPlatforms) = preSolution
		Debug|Any CPU = Debug|Any CPU
		Release|Any CPU = Release|Any CPU
	EndGlobalSection
	GlobalSection(ProjectConfigurationPlatforms) = postSolution
		{D91F16B1-C1CF-4C0A-B69B-8935B3C66616}.Debug|Any CPU.ActiveCfg = Debug|Any CPU
		{D91F16B1-C1CF-4C0A-B69B-8935B3C66616}.Debug|Any CPU.Build.0 = Debug|Any CPU
		{D91F16B1-C1CF-4C0A-B69B-8935B3C66616}.Release|Any CPU.ActiveCfg = Release|Any CPU
		{D91F16B1-C1CF-4C0A-B69B-8935B3C66616}.Release|Any CPU.Build.0 = Release|Any CPU
	EndGlobalSection
	GlobalSection(SolutionProperties) = preSolution
		HideSolutionNode = FALSE
	EndGlobalSection
EndGlobal
